{"1.2.0",
[{<<"genlib">>,
  {git,"https://github.com/rbkmoney/genlib.git",
       {ref,"4565a8d73f34a0b78cca32c9cd2b97d298bdadf8"}},
  0},
 {<<"jose">>,{pkg,<<"jose">>,<<"1.11.1">>},0},
 {<<"jsx">>,{pkg,<<"jsx">>,<<"3.0.0">>},0},
 {<<"thrift">>,
  {git,"https://github.com/rbkmoney/thrift_erlang.git",
       {ref,"846a0819d9b6d09d0c31f160e33a78dbad2067b4"}},
  0}]}.
[
{pkg_hash,[
 {<<"jose">>, <<"59DA64010C69AAD6CDE2F5B9248B896B84472E99BD18F246085B7B9FE435DCDB">>},
 {<<"jsx">>, <<"20A170ABD4335FC6DB24D5FAD1E5D677C55DADF83D1B20A8A33B5FE159892A39">>}]},
{pkg_hash_ext,[
 {<<"jose">>, <<"078F6C9FB3CD2F4CFAFC972C814261A7D1E8D2B3685C0A76EB87E158EFFF1AC5">>},
 {<<"jsx">>, <<"37BECA0435F5CA8A2F45F76A46211E76418FBEF80C36F0361C249FC75059DC6D">>}]}
].
