{"1.2.0",
[{<<"genlib">>,
  {git,"https://github.com/valitydev/genlib.git",
       {ref,"d2324089afbbd9630e85fac554620f1de0b33dfe"}},
  0},
 {<<"jose">>,{pkg,<<"jose">>,<<"1.11.10">>},0},
 {<<"jsx">>,{pkg,<<"jsx">>,<<"3.1.0">>},0},
 {<<"thrift">>,
  {git,"https://github.com/valitydev/thrift_erlang.git",
       {ref,"3a60e5dc5bbd709495024f26e100b041c3547fd9"}},
  0}]}.
[
{pkg_hash,[
 {<<"jose">>, <<"A903F5227417BD2A08C8A00A0CBCC458118BE84480955E8D251297A425723F83">>},
 {<<"jsx">>, <<"D12516BAA0BB23A59BB35DCCAF02A1BD08243FCBB9EFE24F2D9D056CCFF71268">>}]},
{pkg_hash_ext,[
 {<<"jose">>, <<"0D6CD36FF8BA174DB29148FC112B5842186B68A90CE9FC2B3EC3AFE76593E614">>},
 {<<"jsx">>, <<"0C5CC8FDC11B53CC25CF65AC6705AD39E54ECC56D1C22E4ADB8F5A53FB9427F3">>}]}
].
